// !$*UTF8*$!
{
	archiveVersion = 1;
	classes = {
	};
	objectVersion = 56;
	objects = {

/* Begin PBXBuildFile section */
		2721D4CE2B73556B00B36032 /* Extensions.swift in Sources */ = {isa = PBXBuildFile; fileRef = 2721D4CD2B73556B00B36032 /* Extensions.swift */; };
		2760EE042B70C7C2006B78B5 /* AppDelegate.swift in Sources */ = {isa = PBXBuildFile; fileRef = 2760EE032B70C7C2006B78B5 /* AppDelegate.swift */; };
		2760EE062B70C7C2006B78B5 /* SceneDelegate.swift in Sources */ = {isa = PBXBuildFile; fileRef = 2760EE052B70C7C2006B78B5 /* SceneDelegate.swift */; };
		2760EE082B70C7C2006B78B5 /* ConversationsViewController.swift in Sources */ = {isa = PBXBuildFile; fileRef = 2760EE072B70C7C2006B78B5 /* ConversationsViewController.swift */; };
		2760EE0D2B70C7C4006B78B5 /* Assets.xcassets in Resources */ = {isa = PBXBuildFile; fileRef = 2760EE0C2B70C7C4006B78B5 /* Assets.xcassets */; };
		2760EE102B70C7C4006B78B5 /* LaunchScreen.storyboard in Resources */ = {isa = PBXBuildFile; fileRef = 2760EE0E2B70C7C4006B78B5 /* LaunchScreen.storyboard */; };
		2760EE1F2B70CF09006B78B5 /* Main.xib in Resources */ = {isa = PBXBuildFile; fileRef = 2760EE1E2B70CF09006B78B5 /* Main.xib */; };
		2760EE212B70D0CB006B78B5 /* LoginViewController.swift in Sources */ = {isa = PBXBuildFile; fileRef = 2760EE202B70D0CB006B78B5 /* LoginViewController.swift */; };
		2760EE232B70D0D3006B78B5 /* RegisterViewController.swift in Sources */ = {isa = PBXBuildFile; fileRef = 2760EE222B70D0D3006B78B5 /* RegisterViewController.swift */; };
		2760EE252B70D0E1006B78B5 /* PhotoViewerViewController.swift in Sources */ = {isa = PBXBuildFile; fileRef = 2760EE242B70D0E1006B78B5 /* PhotoViewerViewController.swift */; };
		2760EE272B70D0F1006B78B5 /* VideoPlayerViewController.swift in Sources */ = {isa = PBXBuildFile; fileRef = 2760EE262B70D0F1006B78B5 /* VideoPlayerViewController.swift */; };
		2760EE292B733EEC006B78B5 /* NewConversationsViewController.swift in Sources */ = {isa = PBXBuildFile; fileRef = 2760EE282B733EEC006B78B5 /* NewConversationsViewController.swift */; };
		2760EE2B2B733F3E006B78B5 /* ProfileViewController.swift in Sources */ = {isa = PBXBuildFile; fileRef = 2760EE2A2B733F3E006B78B5 /* ProfileViewController.swift */; };
/* End PBXBuildFile section */

/* Begin PBXFileReference section */
		2721D4CD2B73556B00B36032 /* Extensions.swift */ = {isa = PBXFileReference; lastKnownFileType = sourcecode.swift; path = Extensions.swift; sourceTree = "<group>"; };
		2760EE002B70C7C2006B78B5 /* ChatApp.app */ = {isa = PBXFileReference; explicitFileType = wrapper.application; includeInIndex = 0; path = ChatApp.app; sourceTree = BUILT_PRODUCTS_DIR; };
		2760EE032B70C7C2006B78B5 /* AppDelegate.swift */ = {isa = PBXFileReference; lastKnownFileType = sourcecode.swift; path = AppDelegate.swift; sourceTree = "<group>"; };
		2760EE052B70C7C2006B78B5 /* SceneDelegate.swift */ = {isa = PBXFileReference; lastKnownFileType = sourcecode.swift; path = SceneDelegate.swift; sourceTree = "<group>"; };
		2760EE072B70C7C2006B78B5 /* ConversationsViewController.swift */ = {isa = PBXFileReference; lastKnownFileType = sourcecode.swift; path = ConversationsViewController.swift; sourceTree = "<group>"; };
		2760EE0C2B70C7C4006B78B5 /* Assets.xcassets */ = {isa = PBXFileReference; lastKnownFileType = folder.assetcatalog; path = Assets.xcassets; sourceTree = "<group>"; };
		2760EE0F2B70C7C4006B78B5 /* Base */ = {isa = PBXFileReference; lastKnownFileType = file.storyboard; name = Base; path = Base.lproj/LaunchScreen.storyboard; sourceTree = "<group>"; };
		2760EE112B70C7C4006B78B5 /* Info.plist */ = {isa = PBXFileReference; lastKnownFileType = text.plist.xml; path = Info.plist; sourceTree = "<group>"; };
		2760EE1E2B70CF09006B78B5 /* Main.xib */ = {isa = PBXFileReference; lastKnownFileType = file.xib; path = Main.xib; sourceTree = "<group>"; };
		2760EE202B70D0CB006B78B5 /* LoginViewController.swift */ = {isa = PBXFileReference; lastKnownFileType = sourcecode.swift; path = LoginViewController.swift; sourceTree = "<group>"; };
		2760EE222B70D0D3006B78B5 /* RegisterViewController.swift */ = {isa = PBXFileReference; lastKnownFileType = sourcecode.swift; path = RegisterViewController.swift; sourceTree = "<group>"; };
		2760EE242B70D0E1006B78B5 /* PhotoViewerViewController.swift */ = {isa = PBXFileReference; lastKnownFileType = sourcecode.swift; path = PhotoViewerViewController.swift; sourceTree = "<group>"; };
		2760EE262B70D0F1006B78B5 /* VideoPlayerViewController.swift */ = {isa = PBXFileReference; lastKnownFileType = sourcecode.swift; path = VideoPlayerViewController.swift; sourceTree = "<group>"; };
		2760EE282B733EEC006B78B5 /* NewConversationsViewController.swift */ = {isa = PBXFileReference; lastKnownFileType = sourcecode.swift; path = NewConversationsViewController.swift; sourceTree = "<group>"; };
		2760EE2A2B733F3E006B78B5 /* ProfileViewController.swift */ = {isa = PBXFileReference; lastKnownFileType = sourcecode.swift; path = ProfileViewController.swift; sourceTree = "<group>"; };
/* End PBXFileReference section */

/* Begin PBXFrameworksBuildPhase section */
		2760EDFD2B70C7C2006B78B5 /* Frameworks */ = {
			isa = PBXFrameworksBuildPhase;
			buildActionMask = 2147483647;
			files = (
			);
			runOnlyForDeploymentPostprocessing = 0;
		};
/* End PBXFrameworksBuildPhase section */

/* Begin PBXGroup section */
		2760EDF72B70C7C2006B78B5 = {
			isa = PBXGroup;
			children = (
				2760EE022B70C7C2006B78B5 /* ChatApp */,
				2760EE012B70C7C2006B78B5 /* Products */,
			);
			sourceTree = "<group>";
		};
		2760EE012B70C7C2006B78B5 /* Products */ = {
			isa = PBXGroup;
			children = (
				2760EE002B70C7C2006B78B5 /* ChatApp.app */,
			);
			name = Products;
			sourceTree = "<group>";
		};
		2760EE022B70C7C2006B78B5 /* ChatApp */ = {
			isa = PBXGroup;
			children = (
				2760EE1B2B70CB97006B78B5 /* Views */,
				2760EE1A2B70CB8B006B78B5 /* Controllers */,
				2760EE192B70CB83006B78B5 /* ViewModels */,
				2760EE182B70CB75006B78B5 /* Models */,
				2760EE172B70CB5F006B78B5 /* Resources */,
				2760EE112B70C7C4006B78B5 /* Info.plist */,
			);
			path = ChatApp;
			sourceTree = "<group>";
		};
		2760EE172B70CB5F006B78B5 /* Resources */ = {
			isa = PBXGroup;
			children = (
				2760EE032B70C7C2006B78B5 /* AppDelegate.swift */,
				2760EE052B70C7C2006B78B5 /* SceneDelegate.swift */,
				2721D4CD2B73556B00B36032 /* Extensions.swift */,
			);
			path = Resources;
			sourceTree = "<group>";
		};
		2760EE182B70CB75006B78B5 /* Models */ = {
			isa = PBXGroup;
			children = (
			);
			path = Models;
			sourceTree = "<group>";
		};
		2760EE192B70CB83006B78B5 /* ViewModels */ = {
			isa = PBXGroup;
			children = (
			);
			path = ViewModels;
			sourceTree = "<group>";
		};
		2760EE1A2B70CB8B006B78B5 /* Controllers */ = {
			isa = PBXGroup;
			children = (
				2760EE072B70C7C2006B78B5 /* ConversationsViewController.swift */,
				27D40FE02B73440200BFB703 /* Login */,
				2760EE242B70D0E1006B78B5 /* PhotoViewerViewController.swift */,
				2760EE262B70D0F1006B78B5 /* VideoPlayerViewController.swift */,
				2760EE282B733EEC006B78B5 /* NewConversationsViewController.swift */,
				2760EE2A2B733F3E006B78B5 /* ProfileViewController.swift */,
			);
			path = Controllers;
			sourceTree = "<group>";
		};
		2760EE1B2B70CB97006B78B5 /* Views */ = {
			isa = PBXGroup;
			children = (
				2760EE1D2B70CEF1006B78B5 /* Xibs */,
				2760EE1C2B70CC08006B78B5 /* Storyboards */,
				2760EE0C2B70C7C4006B78B5 /* Assets.xcassets */,
			);
			path = Views;
			sourceTree = "<group>";
		};
		2760EE1C2B70CC08006B78B5 /* Storyboards */ = {
			isa = PBXGroup;
			children = (
				2760EE0E2B70C7C4006B78B5 /* LaunchScreen.storyboard */,
			);
			path = Storyboards;
			sourceTree = "<group>";
		};
		2760EE1D2B70CEF1006B78B5 /* Xibs */ = {
			isa = PBXGroup;
			children = (
				2760EE1E2B70CF09006B78B5 /* Main.xib */,
			);
			path = Xibs;
			sourceTree = "<group>";
		};
		27D40FE02B73440200BFB703 /* Login */ = {
			isa = PBXGroup;
			children = (
				2760EE202B70D0CB006B78B5 /* LoginViewController.swift */,
				2760EE222B70D0D3006B78B5 /* RegisterViewController.swift */,
			);
			path = Login;
			sourceTree = "<group>";
		};
/* End PBXGroup section */

/* Begin PBXNativeTarget section */
		2760EDFF2B70C7C2006B78B5 /* ChatApp */ = {
			isa = PBXNativeTarget;
			buildConfigurationList = 2760EE142B70C7C4006B78B5 /* Build configuration list for PBXNativeTarget "ChatApp" */;
			buildPhases = (
				2760EDFC2B70C7C2006B78B5 /* Sources */,
				2760EDFD2B70C7C2006B78B5 /* Frameworks */,
				2760EDFE2B70C7C2006B78B5 /* Resources */,
			);
			buildRules = (
			);
			dependencies = (
			);
			name = ChatApp;
			productName = ChatApp;
			productReference = 2760EE002B70C7C2006B78B5 /* ChatApp.app */;
			productType = "com.apple.product-type.application";
		};
/* End PBXNativeTarget section */

/* Begin PBXProject section */
		2760EDF82B70C7C2006B78B5 /* Project object */ = {
			isa = PBXProject;
			attributes = {
				BuildIndependentTargetsInParallel = 1;
				LastSwiftUpdateCheck = 1500;
				LastUpgradeCheck = 1500;
				TargetAttributes = {
					2760EDFF2B70C7C2006B78B5 = {
						CreatedOnToolsVersion = 15.0.1;
					};
				};
			};
			buildConfigurationList = 2760EDFB2B70C7C2006B78B5 /* Build configuration list for PBXProject "ChatApp" */;
			compatibilityVersion = "Xcode 14.0";
			developmentRegion = en;
			hasScannedForEncodings = 0;
			knownRegions = (
				en,
				Base,
			);
			mainGroup = 2760EDF72B70C7C2006B78B5;
			productRefGroup = 2760EE012B70C7C2006B78B5 /* Products */;
			projectDirPath = "";
			projectRoot = "";
			targets = (
				2760EDFF2B70C7C2006B78B5 /* ChatApp */,
			);
		};
/* End PBXProject section */

/* Begin PBXResourcesBuildPhase section */
		2760EDFE2B70C7C2006B78B5 /* Resources */ = {
			isa = PBXResourcesBuildPhase;
			buildActionMask = 2147483647;
			files = (
				2760EE102B70C7C4006B78B5 /* LaunchScreen.storyboard in Resources */,
				2760EE1F2B70CF09006B78B5 /* Main.xib in Resources */,
				2760EE0D2B70C7C4006B78B5 /* Assets.xcassets in Resources */,
			);
			runOnlyForDeploymentPostprocessing = 0;
		};
/* End PBXResourcesBuildPhase section */

/* Begin PBXSourcesBuildPhase section */
		2760EDFC2B70C7C2006B78B5 /* Sources */ = {
			isa = PBXSourcesBuildPhase;
			buildActionMask = 2147483647;
			files = (
				2760EE212B70D0CB006B78B5 /* LoginViewController.swift in Sources */,
				2760EE232B70D0D3006B78B5 /* RegisterViewController.swift in Sources */,
				2760EE082B70C7C2006B78B5 /* ConversationsViewController.swift in Sources */,
				2760EE272B70D0F1006B78B5 /* VideoPlayerViewController.swift in Sources */,
				2760EE042B70C7C2006B78B5 /* AppDelegate.swift in Sources */,
				2721D4CE2B73556B00B36032 /* Extensions.swift in Sources */,
				2760EE062B70C7C2006B78B5 /* SceneDelegate.swift in Sources */,
				2760EE2B2B733F3E006B78B5 /* ProfileViewController.swift in Sources */,
				2760EE292B733EEC006B78B5 /* NewConversationsViewController.swift in Sources */,
				2760EE252B70D0E1006B78B5 /* PhotoViewerViewController.swift in Sources */,
			);
			runOnlyForDeploymentPostprocessing = 0;
		};
/* End PBXSourcesBuildPhase section */

/* Begin PBXVariantGroup section */
		2760EE0E2B70C7C4006B78B5 /* LaunchScreen.storyboard */ = {
			isa = PBXVariantGroup;
			children = (
				2760EE0F2B70C7C4006B78B5 /* Base */,
			);
			name = LaunchScreen.storyboard;
			sourceTree = "<group>";
		};
/* End PBXVariantGroup section */

/* Begin XCBuildConfiguration section */
		2760EE122B70C7C4006B78B5 /* Debug */ = {
			isa = XCBuildConfiguration;
			buildSettings = {
				ALWAYS_SEARCH_USER_PATHS = NO;
				ASSETCATALOG_COMPILER_GENERATE_SWIFT_ASSET_SYMBOL_EXTENSIONS = YES;
				CLANG_ANALYZER_NONNULL = YES;
				CLANG_ANALYZER_NUMBER_OBJECT_CONVERSION = YES_AGGRESSIVE;
				CLANG_CXX_LANGUAGE_STANDARD = "gnu++20";
				CLANG_ENABLE_MODULES = YES;
				CLANG_ENABLE_OBJC_ARC = YES;
				CLANG_ENABLE_OBJC_WEAK = YES;
				CLANG_WARN_BLOCK_CAPTURE_AUTORELEASING = YES;
				CLANG_WARN_BOOL_CONVERSION = YES;
				CLANG_WARN_COMMA = YES;
				CLANG_WARN_CONSTANT_CONVERSION = YES;
				CLANG_WARN_DEPRECATED_OBJC_IMPLEMENTATIONS = YES;
				CLANG_WARN_DIRECT_OBJC_ISA_USAGE = YES_ERROR;
				CLANG_WARN_DOCUMENTATION_COMMENTS = YES;
				CLANG_WARN_EMPTY_BODY = YES;
				CLANG_WARN_ENUM_CONVERSION = YES;
				CLANG_WARN_INFINITE_RECURSION = YES;
				CLANG_WARN_INT_CONVERSION = YES;
				CLANG_WARN_NON_LITERAL_NULL_CONVERSION = YES;
				CLANG_WARN_OBJC_IMPLICIT_RETAIN_SELF = YES;
				CLANG_WARN_OBJC_LITERAL_CONVERSION = YES;
				CLANG_WARN_OBJC_ROOT_CLASS = YES_ERROR;
				CLANG_WARN_QUOTED_INCLUDE_IN_FRAMEWORK_HEADER = YES;
				CLANG_WARN_RANGE_LOOP_ANALYSIS = YES;
				CLANG_WARN_STRICT_PROTOTYPES = YES;
				CLANG_WARN_SUSPICIOUS_MOVE = YES;
				CLANG_WARN_UNGUARDED_AVAILABILITY = YES_AGGRESSIVE;
				CLANG_WARN_UNREACHABLE_CODE = YES;
				CLANG_WARN__DUPLICATE_METHOD_MATCH = YES;
				COPY_PHASE_STRIP = NO;
				DEBUG_INFORMATION_FORMAT = dwarf;
				ENABLE_STRICT_OBJC_MSGSEND = YES;
				ENABLE_TESTABILITY = YES;
				ENABLE_USER_SCRIPT_SANDBOXING = YES;
				GCC_C_LANGUAGE_STANDARD = gnu17;
				GCC_DYNAMIC_NO_PIC = NO;
				GCC_NO_COMMON_BLOCKS = YES;
				GCC_OPTIMIZATION_LEVEL = 0;
				GCC_PREPROCESSOR_DEFINITIONS = (
					"DEBUG=1",
					"$(inherited)",
				);
				GCC_WARN_64_TO_32_BIT_CONVERSION = YES;
				GCC_WARN_ABOUT_RETURN_TYPE = YES_ERROR;
				GCC_WARN_UNDECLARED_SELECTOR = YES;
				GCC_WARN_UNINITIALIZED_AUTOS = YES_AGGRESSIVE;
				GCC_WARN_UNUSED_FUNCTION = YES;
				GCC_WARN_UNUSED_VARIABLE = YES;
				IPHONEOS_DEPLOYMENT_TARGET = 17.0;
				LOCALIZATION_PREFERS_STRING_CATALOGS = YES;
				MTL_ENABLE_DEBUG_INFO = INCLUDE_SOURCE;
				MTL_FAST_MATH = YES;
				ONLY_ACTIVE_ARCH = YES;
				SDKROOT = iphoneos;
				SWIFT_ACTIVE_COMPILATION_CONDITIONS = "DEBUG $(inherited)";
				SWIFT_OPTIMIZATION_LEVEL = "-Onone";
			};
			name = Debug;
		};
		2760EE132B70C7C4006B78B5 /* Release */ = {
			isa = XCBuildConfiguration;
			buildSettings = {
				ALWAYS_SEARCH_USER_PATHS = NO;
				ASSETCATALOG_COMPILER_GENERATE_SWIFT_ASSET_SYMBOL_EXTENSIONS = YES;
				CLANG_ANALYZER_NONNULL = YES;
				CLANG_ANALYZER_NUMBER_OBJECT_CONVERSION = YES_AGGRESSIVE;
				CLANG_CXX_LANGUAGE_STANDARD = "gnu++20";
				CLANG_ENABLE_MODULES = YES;
				CLANG_ENABLE_OBJC_ARC = YES;
				CLANG_ENABLE_OBJC_WEAK = YES;
				CLANG_WARN_BLOCK_CAPTURE_AUTORELEASING = YES;
				CLANG_WARN_BOOL_CONVERSION = YES;
				CLANG_WARN_COMMA = YES;
				CLANG_WARN_CONSTANT_CONVERSION = YES;
				CLANG_WARN_DEPRECATED_OBJC_IMPLEMENTATIONS = YES;
				CLANG_WARN_DIRECT_OBJC_ISA_USAGE = YES_ERROR;
				CLANG_WARN_DOCUMENTATION_COMMENTS = YES;
				CLANG_WARN_EMPTY_BODY = YES;
				CLANG_WARN_ENUM_CONVERSION = YES;
				CLANG_WARN_INFINITE_RECURSION = YES;
				CLANG_WARN_INT_CONVERSION = YES;
				CLANG_WARN_NON_LITERAL_NULL_CONVERSION = YES;
				CLANG_WARN_OBJC_IMPLICIT_RETAIN_SELF = YES;
				CLANG_WARN_OBJC_LITERAL_CONVERSION = YES;
				CLANG_WARN_OBJC_ROOT_CLASS = YES_ERROR;
				CLANG_WARN_QUOTED_INCLUDE_IN_FRAMEWORK_HEADER = YES;
				CLANG_WARN_RANGE_LOOP_ANALYSIS = YES;
				CLANG_WARN_STRICT_PROTOTYPES = YES;
				CLANG_WARN_SUSPICIOUS_MOVE = YES;
				CLANG_WARN_UNGUARDED_AVAILABILITY = YES_AGGRESSIVE;
				CLANG_WARN_UNREACHABLE_CODE = YES;
				CLANG_WARN__DUPLICATE_METHOD_MATCH = YES;
				COPY_PHASE_STRIP = NO;
				DEBUG_INFORMATION_FORMAT = "dwarf-with-dsym";
				ENABLE_NS_ASSERTIONS = NO;
				ENABLE_STRICT_OBJC_MSGSEND = YES;
				ENABLE_USER_SCRIPT_SANDBOXING = YES;
				GCC_C_LANGUAGE_STANDARD = gnu17;
				GCC_NO_COMMON_BLOCKS = YES;
				GCC_WARN_64_TO_32_BIT_CONVERSION = YES;
				GCC_WARN_ABOUT_RETURN_TYPE = YES_ERROR;
				GCC_WARN_UNDECLARED_SELECTOR = YES;
				GCC_WARN_UNINITIALIZED_AUTOS = YES_AGGRESSIVE;
				GCC_WARN_UNUSED_FUNCTION = YES;
				GCC_WARN_UNUSED_VARIABLE = YES;
				IPHONEOS_DEPLOYMENT_TARGET = 17.0;
				LOCALIZATION_PREFERS_STRING_CATALOGS = YES;
				MTL_ENABLE_DEBUG_INFO = NO;
				MTL_FAST_MATH = YES;
				SDKROOT = iphoneos;
				SWIFT_COMPILATION_MODE = wholemodule;
				VALIDATE_PRODUCT = YES;
			};
			name = Release;
		};
		2760EE152B70C7C4006B78B5 /* Debug */ = {
			isa = XCBuildConfiguration;
			buildSettings = {
				ASSETCATALOG_COMPILER_APPICON_NAME = AppIcon;
				ASSETCATALOG_COMPILER_GLOBAL_ACCENT_COLOR_NAME = AccentColor;
				CODE_SIGN_STYLE = Automatic;
				CURRENT_PROJECT_VERSION = 1;
				DEVELOPMENT_TEAM = 587Y6CB23X;
				GENERATE_INFOPLIST_FILE = YES;
				INFOPLIST_FILE = ChatApp/Info.plist;
				INFOPLIST_KEY_UIApplicationSupportsIndirectInputEvents = YES;
				INFOPLIST_KEY_UILaunchStoryboardName = LaunchScreen;
				INFOPLIST_KEY_UISupportedInterfaceOrientations_iPad = "UIInterfaceOrientationPortrait UIInterfaceOrientationPortraitUpsideDown UIInterfaceOrientationLandscapeLeft UIInterfaceOrientationLandscapeRight";
				INFOPLIST_KEY_UISupportedInterfaceOrientations_iPhone = "UIInterfaceOrientationPortrait UIInterfaceOrientationLandscapeLeft UIInterfaceOrientationLandscapeRight";
				LD_RUNPATH_SEARCH_PATHS = (
					"$(inherited)",
					"@executable_path/Frameworks",
				);
				MARKETING_VERSION = 1.0;
				PRODUCT_BUNDLE_IDENTIFIER = com.swiftCourse.ChatApp;
				PRODUCT_NAME = "$(TARGET_NAME)";
				SWIFT_EMIT_LOC_STRINGS = YES;
				SWIFT_VERSION = 5.0;
				TARGETED_DEVICE_FAMILY = "1,2";
			};
			name = Debug;
		};
		2760EE162B70C7C4006B78B5 /* Release */ = {
			isa = XCBuildConfiguration;
			buildSettings = {
				ASSETCATALOG_COMPILER_APPICON_NAME = AppIcon;
				ASSETCATALOG_COMPILER_GLOBAL_ACCENT_COLOR_NAME = AccentColor;
				CODE_SIGN_STYLE = Automatic;
				CURRENT_PROJECT_VERSION = 1;
				DEVELOPMENT_TEAM = 587Y6CB23X;
				GENERATE_INFOPLIST_FILE = YES;
				INFOPLIST_FILE = ChatApp/Info.plist;
				INFOPLIST_KEY_UIApplicationSupportsIndirectInputEvents = YES;
				INFOPLIST_KEY_UILaunchStoryboardName = LaunchScreen;
				INFOPLIST_KEY_UISupportedInterfaceOrientations_iPad = "UIInterfaceOrientationPortrait UIInterfaceOrientationPortraitUpsideDown UIInterfaceOrientationLandscapeLeft UIInterfaceOrientationLandscapeRight";
				INFOPLIST_KEY_UISupportedInterfaceOrientations_iPhone = "UIInterfaceOrientationPortrait UIInterfaceOrientationLandscapeLeft UIInterfaceOrientationLandscapeRight";
				LD_RUNPATH_SEARCH_PATHS = (
					"$(inherited)",
					"@executable_path/Frameworks",
				);
				MARKETING_VERSION = 1.0;
				PRODUCT_BUNDLE_IDENTIFIER = com.swiftCourse.ChatApp;
				PRODUCT_NAME = "$(TARGET_NAME)";
				SWIFT_EMIT_LOC_STRINGS = YES;
				SWIFT_VERSION = 5.0;
				TARGETED_DEVICE_FAMILY = "1,2";
			};
			name = Release;
		};
/* End XCBuildConfiguration section */

/* Begin XCConfigurationList section */
		2760EDFB2B70C7C2006B78B5 /* Build configuration list for PBXProject "ChatApp" */ = {
			isa = XCConfigurationList;
			buildConfigurations = (
				2760EE122B70C7C4006B78B5 /* Debug */,
				2760EE132B70C7C4006B78B5 /* Release */,
			);
			defaultConfigurationIsVisible = 0;
			defaultConfigurationName = Release;
		};
		2760EE142B70C7C4006B78B5 /* Build configuration list for PBXNativeTarget "ChatApp" */ = {
			isa = XCConfigurationList;
			buildConfigurations = (
				2760EE152B70C7C4006B78B5 /* Debug */,
				2760EE162B70C7C4006B78B5 /* Release */,
			);
			defaultConfigurationIsVisible = 0;
			defaultConfigurationName = Release;
		};
/* End XCConfigurationList section */
	};
	rootObject = 2760EDF82B70C7C2006B78B5 /* Project object */;
}
